<?xml version="1.0" encoding="utf-8"?>
<Project ToolsVersion="4.0" xmlns="http://schemas.microsoft.com/developer/msbuild/2003">
  <ItemGroup>
    <Filter Include="Source Files">
      <UniqueIdentifier>{55f8f44e-827a-493c-a12e-511cd5b6d06c}</UniqueIdentifier>
      <Extensions>cpp;c;cxx;rc;def;r;odl;idl;hpj;bat</Extensions>
    </Filter>
    <Filter Include="Header Files">
      <UniqueIdentifier>{9273b5ac-cd28-4869-b196-9379e7c0aee4}</UniqueIdentifier>
      <Extensions>h;hpp;hxx;hm;inl</Extensions>
    </Filter>
    <Filter Include="Resource Files">
      <UniqueIdentifier>{e86833ba-5eeb-4013-9861-18f616e2c53e}</UniqueIdentifier>
      <Extensions>ico;cur;bmp;dlg;rc2;rct;bin;rgs;gif;jpg;jpeg;jpe</Extensions>
    </Filter>
    <Filter Include="Network Files">
      <UniqueIdentifier>{cc641844-1473-4e4e-84c0-cdee34fb05a2}</UniqueIdentifier>
    </Filter>
    <Filter Include="Network Files\Mcl">
      <UniqueIdentifier>{532a9bf1-f5a1-4ac2-a003-493f222dc0c3}</UniqueIdentifier>
    </Filter>
    <Filter Include="Network Files\Misc">
      <UniqueIdentifier>{91791598-caac-4735-9e9f-94d00b29bc3d}</UniqueIdentifier>
    </Filter>
    <Filter Include="Network Files\Net">
      <UniqueIdentifier>{b333592c-b5ff-43b5-8882-24639536ab65}</UniqueIdentifier>
    </Filter>
    <Filter Include="Neuz Files">
      <UniqueIdentifier>{8018b4b7-4999-4b04-901b-43f3a403afaf}</UniqueIdentifier>
    </Filter>
    <Filter Include="Neuz Files\DX">
      <UniqueIdentifier>{d390814a-39a5-4bc5-90f1-97c8fb5f1491}</UniqueIdentifier>
    </Filter>
    <Filter Include="Neuz Files\Cmn">
      <UniqueIdentifier>{f867554a-b962-4f9c-b05d-e622c67c246b}</UniqueIdentifier>
    </Filter>
    <Filter Include="ODBC Files">
      <UniqueIdentifier>{85a23dca-0a49-44ee-9bbb-8e8fa5c2bdf0}</UniqueIdentifier>
    </Filter>
    <Filter Include="Exception">
      <UniqueIdentifier>{9e8cc804-77b1-4aa2-94fb-a104d7ffd76b}</UniqueIdentifier>
    </Filter>
    <Filter Include="Billing">
      <UniqueIdentifier>{d0d25377-bc8b-427b-a399-b233ecc92e6e}</UniqueIdentifier>
    </Filter>
  </ItemGroup>
  <ItemGroup>
    <ClCompile Include="account.cpp">
      <Filter>Source Files</Filter>
    </ClCompile>
    <ClCompile Include="AccountServer.cpp">
      <Filter>Source Files</Filter>
    </ClCompile>
    <ClCompile Include="DBManager.cpp">
      <Filter>Source Files</Filter>
    </ClCompile>
    <ClCompile Include="dpdbsrvr.cpp">
      <Filter>Source Files</Filter>
    </ClCompile>
    <ClCompile Include="dpsrvr.cpp">
      <Filter>Source Files</Filter>
    </ClCompile>
    <ClCompile Include="dpwldsrvr.cpp">
      <Filter>Source Files</Filter>
    </ClCompile>
    <ClCompile Include="globalgiftbox.cpp">
      <Filter>Source Files</Filter>
    </ClCompile>
    <ClCompile Include="StdAfx.cpp">
      <Filter>Source Files</Filter>
    </ClCompile>
    <ClCompile Include="..\_network\misc\src\ar.cpp">
      <Filter>Network Files\Misc</Filter>
    </ClCompile>
    <ClCompile Include="..\_Network\Misc\Src\heapmng.cpp">
      <Filter>Network Files\Misc</Filter>
    </ClCompile>
    <ClCompile Include="..\_network\misc\src\mytrace.cpp">
      <Filter>Network Files\Misc</Filter>
    </ClCompile>
    <ClCompile Include="..\_network\net2\src\buffer.cpp">
      <Filter>Network Files\Net</Filter>
    </ClCompile>
    <ClCompile Include="..\_network\net2\src\crc.cpp">
      <Filter>Network Files\Net</Filter>
    </ClCompile>
    <ClCompile Include="..\_network\net2\src\sock.cpp">
      <Filter>Network Files\Net</Filter>
    </ClCompile>
    <ClCompile Include="..\_directx\dxutil.cpp">
      <Filter>Neuz Files\DX</Filter>
    </ClCompile>
    <ClCompile Include="..\_common\debug.cpp">
      <Filter>Neuz Files\Cmn</Filter>
    </ClCompile>
    <ClCompile Include="..\_common\file.cpp">
      <Filter>Neuz Files\Cmn</Filter>
    </ClCompile>
    <ClCompile Include="..\_Common\memtrace.cpp">
      <Filter>Neuz Files\Cmn</Filter>
    </ClCompile>
    <ClCompile Include="..\_common\scanner.cpp">
      <Filter>Neuz Files\Cmn</Filter>
    </ClCompile>
    <ClCompile Include="..\_common\timer.cpp">
      <Filter>Neuz Files\Cmn</Filter>
    </ClCompile>
    <ClCompile Include="..\_common\vutil.cpp">
      <Filter>Neuz Files\Cmn</Filter>
    </ClCompile>
    <ClCompile Include="..\_common\xutil.cpp">
      <Filter>Neuz Files\Cmn</Filter>
    </ClCompile>
    <ClCompile Include="..\_Database\des.c">
      <Filter>ODBC Files</Filter>
    </ClCompile>
    <ClCompile Include="..\_Database\Query.cpp">
      <Filter>ODBC Files</Filter>
    </ClCompile>
    <ClCompile Include="..\_UnhandledException\exceptionhandler.cpp">
      <Filter>Exception</Filter>
    </ClCompile>
    <ClCompile Include="BillingMgr.cpp">
      <Filter>Billing</Filter>
    </ClCompile>
    <ClCompile Include="BillingMgrJP.cpp">
      <Filter>Billing</Filter>
    </ClCompile>
    <ClCompile Include="BillingMgrJP2.cpp">
      <Filter>Billing</Filter>
    </ClCompile>
    <ClCompile Include="BillingMgrTH.cpp">
      <Filter>Billing</Filter>
    </ClCompile>
    <ClCompile Include="BillingMgrTW.cpp">
      <Filter>Billing</Filter>
    </ClCompile>
    <ClCompile Include="dpadbill.cpp">
      <Filter>Billing</Filter>
    </ClCompile>
    <ClCompile Include="dpBilling.cpp">
      <Filter>Billing</Filter>
    </ClCompile>
    <ClCompile Include="dpBillingTH.cpp">
      <Filter>Billing</Filter>
    </ClCompile>
  </ItemGroup>
  <ItemGroup>
    <ResourceCompile Include="AccountServer.rc">
      <Filter>Source Files</Filter>
    </ResourceCompile>
  </ItemGroup>
  <ItemGroup>
    <ClInclude Include="account.h">
      <Filter>Header Files</Filter>
    </ClInclude>
    <ClInclude Include="AccountServer.h">
      <Filter>Header Files</Filter>
    </ClInclude>
    <ClInclude Include="DBManager.h">
      <Filter>Header Files</Filter>
    </ClInclude>
    <ClInclude Include="dpdbsrvr.h">
      <Filter>Header Files</Filter>
    </ClInclude>
    <ClInclude Include="dpsrvr.h">
      <Filter>Header Files</Filter>
    </ClInclude>
    <ClInclude Include="dpwldsrvr.h">
      <Filter>Header Files</Filter>
    </ClInclude>
    <ClInclude Include="globalgiftbox.h">
      <Filter>Header Files</Filter>
    </ClInclude>
    <ClInclude Include="resource.h">
      <Filter>Header Files</Filter>
    </ClInclude>
    <ClInclude Include="StdAfx.h">
      <Filter>Header Files</Filter>
    </ClInclude>
    <ClInclude Include="VersionCommon.h">
      <Filter>Header Files</Filter>
    </ClInclude>
    <ClInclude Include="..\_network\cmnhdr.h">
      <Filter>Network Files</Filter>
    </ClInclude>
    <ClInclude Include="..\_network\msghdr.h">
      <Filter>Network Files</Filter>
    </ClInclude>
    <ClInclude Include="..\_network\mcl\include\cmcl.h">
      <Filter>Network Files\Mcl</Filter>
    </ClInclude>
    <ClInclude Include="..\_network\mcl\include\cmclautolock.h">
      <Filter>Network Files\Mcl</Filter>
    </ClInclude>
    <ClInclude Include="..\_network\mcl\include\cmclcritsec.h">
      <Filter>Network Files\Mcl</Filter>
    </ClInclude>
    <ClInclude Include="..\_network\misc\include\ar.h">
      <Filter>Network Files\Misc</Filter>
    </ClInclude>
    <ClInclude Include="..\_network\misc\include\heapmng.h">
      <Filter>Network Files\Misc</Filter>
    </ClInclude>
    <ClInclude Include="..\_network\misc\include\mempooler.h">
      <Filter>Network Files\Misc</Filter>
    </ClInclude>
    <ClInclude Include="..\_network\misc\include\misc.h">
      <Filter>Network Files\Misc</Filter>
    </ClInclude>
    <ClInclude Include="..\_network\misc\include\mymap.h">
      <Filter>Network Files\Misc</Filter>
    </ClInclude>
    <ClInclude Include="..\_network\misc\include\mytrace.h">
      <Filter>Network Files\Misc</Filter>
    </ClInclude>
    <ClInclude Include="..\_network\net2\include\buffer.h">
      <Filter>Network Files\Net</Filter>
    </ClInclude>
    <ClInclude Include="..\_network\net2\include\clientsock.h">
      <Filter>Network Files\Net</Filter>
    </ClInclude>
    <ClInclude Include="..\_network\net2\include\clientsocke.h">
      <Filter>Network Files\Net</Filter>
    </ClInclude>
    <ClInclude Include="..\_network\net2\include\crc.h">
      <Filter>Network Files\Net</Filter>
    </ClInclude>
    <ClInclude Include="..\_network\net2\include\dpmng.h">
      <Filter>Network Files\Net</Filter>
    </ClInclude>
    <ClInclude Include="..\_network\net2\include\dpsock.h">
      <Filter>Network Files\Net</Filter>
    </ClInclude>
    <ClInclude Include="..\_network\net2\include\serversock.h">
      <Filter>Network Files\Net</Filter>
    </ClInclude>
    <ClInclude Include="..\_network\net2\include\serversocke.h">
      <Filter>Network Files\Net</Filter>
    </ClInclude>
    <ClInclude Include="..\_network\net2\include\sock.h">
      <Filter>Network Files\Net</Filter>
    </ClInclude>
    <ClInclude Include="..\_Common\DefineCommon.h">
      <Filter>Neuz Files</Filter>
    </ClInclude>
    <ClInclude Include="..\_directx\dxutil.h">
      <Filter>Neuz Files\DX</Filter>
    </ClInclude>
    <ClInclude Include="..\_common\buyinginfo.h">
      <Filter>Neuz Files\Cmn</Filter>
    </ClInclude>
    <ClInclude Include="..\_common\data.h">
      <Filter>Neuz Files\Cmn</Filter>
    </ClInclude>
    <ClInclude Include="..\_common\debug.h">
      <Filter>Neuz Files\Cmn</Filter>
    </ClInclude>
    <ClInclude Include="..\_common\file.h">
      <Filter>Neuz Files\Cmn</Filter>
    </ClInclude>
    <ClInclude Include="..\_Common\memtrace.h">
      <Filter>Neuz Files\Cmn</Filter>
    </ClInclude>
    <ClInclude Include="..\_common\scanner.h">
      <Filter>Neuz Files\Cmn</Filter>
    </ClInclude>
    <ClInclude Include="..\_common\timer.h">
      <Filter>Neuz Files\Cmn</Filter>
    </ClInclude>
    <ClInclude Include="..\_common\vutil.h">
      <Filter>Neuz Files\Cmn</Filter>
    </ClInclude>
    <ClInclude Include="..\_common\xutil.h">
      <Filter>Neuz Files\Cmn</Filter>
    </ClInclude>
    <ClInclude Include="..\_Database\des.h">
      <Filter>ODBC Files</Filter>
    </ClInclude>
    <ClInclude Include="..\_Database\Query.h">
      <Filter>ODBC Files</Filter>
    </ClInclude>
    <ClInclude Include="..\_UnhandledException\exceptionhandler.h">
      <Filter>Exception</Filter>
    </ClInclude>
    <ClInclude Include="BillingMgr.h">
      <Filter>Billing</Filter>
    </ClInclude>
    <ClInclude Include="BillingMgrJP.h">
      <Filter>Billing</Filter>
    </ClInclude>
    <ClInclude Include="BillingMgrJP2.h">
      <Filter>Billing</Filter>
    </ClInclude>
    <ClInclude Include="BillingMgrTH.h">
      <Filter>Billing</Filter>
    </ClInclude>
    <ClInclude Include="BillingMgrTW.h">
      <Filter>Billing</Filter>
    </ClInclude>
    <ClInclude Include="dpadbill.h">
      <Filter>Billing</Filter>
    </ClInclude>
    <ClInclude Include="dpBilling.h">
      <Filter>Billing</Filter>
    </ClInclude>
    <ClInclude Include="dpBillingTH.h">
      <Filter>Billing</Filter>
    </ClInclude>
  </ItemGroup>
  <ItemGroup>
    <None Include="AccountServer.ico">
      <Filter>Resource Files</Filter>
    </None>
    <None Include="AccountServer.ini">
      <Filter>Resource Files</Filter>
    </None>
    <None Include="small.ico">
      <Filter>Resource Files</Filter>
    </None>
  </ItemGroup>
  <ItemGroup>
    <Library Include="..\_UnhandledException\neuzd.lib">
      <Filter>Exception</Filter>
    </Library>
  </ItemGroup>
</Project>