Microsoft Visual Studio Solution File, Format Version 8.00
Project("{8BC9CEB8-8B4A-11D0-8D11-00A0C91BC942}") = "DatabaseServer", "DatabaseServer.vcproj", "{1586B2B3-C9FE-4AFA-A006-5A41B2F35BA6}"
	ProjectSection(ProjectDependencies) = postProject
	EndProjectSection
EndProject
Global
	GlobalSection(SolutionConfiguration) = preSolution
		Debug = Debug
		Release = Release
	EndGlobalSection
	GlobalSection(ProjectDependencies) = postSolution
	EndGlobalSection
	GlobalSection(ProjectConfiguration) = postSolution
		{1586B2B3-C9FE-4AFA-A006-5A41B2F35BA6}.Debug.ActiveCfg = Debug|Win32
		{1586B2B3-C9FE-4AFA-A006-5A41B2F35BA6}.Debug.Build.0 = Debug|Win32
		{1586B2B3-C9FE-4AFA-A006-5A41B2F35BA6}.Release.ActiveCfg = Release|Win32
		{1586B2B3-C9FE-4AFA-A006-5A41B2F35BA6}.Release.Build.0 = Release|Win32
	EndGlobalSection
	GlobalSection(ExtensibilityGlobals) = postSolution
	EndGlobalSection
	GlobalSection(ExtensibilityAddIns) = postSolution
	EndGlobalSection
EndGlobal
